
Microsoft Visual Studio Solution File, Format Version 12.00
# Visual Studio 15
VisualStudioVersion = 15.0.28307.572
MinimumVisualStudioVersion = 10.0.40219.1
Project("{FAE04EC0-301F-11D3-BF4B-00C04F79EFBC}") = "WindowsFormsApp3", "WindowsFormsApp3\WindowsFormsApp3.csproj", "{D9A5E1C6-3830-4A6D-B3F9-F4A9B2F17084}"
EndProject
Global
	GlobalSection(SolutionConfigurationPlatforms) = preSolution
		Debug|Any CPU = Debug|Any CPU
		Release|Any CPU = Release|Any CPU
	EndGlobalSection
	GlobalSection(ProjectConfigurationPlatforms) = postSolution
		{D9A5E1C6-3830-4A6D-B3F9-F4A9B2F17084}.Debug|Any CPU.ActiveCfg = Debug|Any CPU
		{D9A5E1C6-3830-4A6D-B3F9-F4A9B2F17084}.Debug|Any CPU.Build.0 = Debug|Any CPU
		{D9A5E1C6-3830-4A6D-B3F9-F4A9B2F17084}.Release|Any CPU.ActiveCfg = Release|Any CPU
		{D9A5E1C6-3830-4A6D-B3F9-F4A9B2F17084}.Release|Any CPU.Build.0 = Release|Any CPU
	EndGlobalSection
	GlobalSection(SolutionProperties) = preSolution
		HideSolutionNode = FALSE
	EndGlobalSection
	GlobalSection(ExtensibilityGlobals) = postSolution
		SolutionGuid = {809EE477-0023-4E62-A030-019110E7CECC}
	EndGlobalSection
EndGlobal
